
Microsoft Visual Studio Solution File, Format Version 12.00
# Visual Studio Version 17
VisualStudioVersion = 17.3.32929.385
MinimumVisualStudioVersion = 10.0.40219.1
Project("{FAE04EC0-301F-11D3-BF4B-00C04F79EFBC}") = "Speach2Text", "Speach2Text\Speach2Text.csproj", "{5E3C5625-5EF7-4485-A44B-0D9B18084D8E}"
EndProject
Global
	GlobalSection(SolutionConfigurationPlatforms) = preSolution
		Debug|Any CPU = Debug|Any CPU
		Release|Any CPU = Release|Any CPU
	EndGlobalSection
	GlobalSection(ProjectConfigurationPlatforms) = postSolution
		{5E3C5625-5EF7-4485-A44B-0D9B18084D8E}.Debug|Any CPU.ActiveCfg = Debug|Any CPU
		{5E3C5625-5EF7-4485-A44B-0D9B18084D8E}.Debug|Any CPU.Build.0 = Debug|Any CPU
		{5E3C5625-5EF7-4485-A44B-0D9B18084D8E}.Release|Any CPU.ActiveCfg = Release|Any CPU
		{5E3C5625-5EF7-4485-A44B-0D9B18084D8E}.Release|Any CPU.Build.0 = Release|Any CPU
	EndGlobalSection
	GlobalSection(SolutionProperties) = preSolution
		HideSolutionNode = FALSE
	EndGlobalSection
	GlobalSection(ExtensibilityGlobals) = postSolution
		SolutionGuid = {44DE8456-991C-407F-8033-3DFB08C96D61}
	EndGlobalSection
EndGlobal
